lockfileVersion: 5.4

specifiers:
  '@types/bcryptjs': ^2.4.2
  '@types/jsonwebtoken': ^8.5.8

devDependencies:
  '@types/bcryptjs': 2.4.2
  '@types/jsonwebtoken': 8.5.8

packages:

  /@types/bcryptjs/2.4.2:
    resolution: {integrity: sha512-LiMQ6EOPob/4yUL66SZzu6Yh77cbzJFYll+ZfaPiPPFswtIlA/Fs1MzdKYA7JApHU49zQTbJGX3PDmCpIdDBRQ==}
    dev: true

  /@types/jsonwebtoken/8.5.8:
    resolution: {integrity: sha512-zm6xBQpFDIDM6o9r6HSgDeIcLy82TKWctCXEPbJJcXb5AKmi5BNNdLXneixK4lplX3PqIVcwLBCGE/kAGnlD4A==}
    dependencies:
      '@types/node': 18.7.6
    dev: true

  /@types/node/18.7.6:
    resolution: {integrity: sha512-EdxgKRXgYsNITy5mjjXjVE/CS8YENSdhiagGrLqjG0pvA2owgJ6i4l7wy/PFZGC0B1/H20lWKN7ONVDNYDZm7A==}
    dev: true
